# Generated by buf. DO NOT EDIT.
version: v1
deps:
  - remote: buf.build
    owner: evalsocket
    repository: protoc-gen-swagger
    branch: main
    commit: 8fc4b4cf6f1a4b10acf523a010dab594
    digest: b1-fdfzSYcaxxW6bZeQcbLDvA8AzN2fla2zsJkjQX9l9oI=
    create_time: 2021-08-24T05:38:53.678749Z
  - remote: buf.build
    owner: googleapis
    repository: googleapis
    branch: main
    commit: 2df0667eabed4ee0af77ea6d1166747a
    digest: b1-uNOptPpF-sp3IFYQBklqfEbKln_N_luGJSTJHHQQ6mE=
    create_time: 2022-01-29T15:04:57.366565Z
